// !$*UTF8*$!
{
	archiveVersion = 1;
	classes = {
	};
	objectVersion = 46;
	objects = {

/* Begin PBXBuildFile section */
		183DF7991611A0EE007BA22C /* UIKit.framework in Frameworks */ = {isa = PBXBuildFile; fileRef = 183DF7981611A0EE007BA22C /* UIKit.framework */; };
		183DF79B1611A0EE007BA22C /* Foundation.framework in Frameworks */ = {isa = PBXBuildFile; fileRef = 183DF79A1611A0EE007BA22C /* Foundation.framework */; };
		183DF79D1611A0EE007BA22C /* CoreGraphics.framework in Frameworks */ = {isa = PBXBuildFile; fileRef = 183DF79C1611A0EE007BA22C /* CoreGraphics.framework */; };
		183DF7A31611A0EE007BA22C /* InfoPlist.strings in Resources */ = {isa = PBXBuildFile; fileRef = 183DF7A11611A0EE007BA22C /* InfoPlist.strings */; };
		183DF7A51611A0EE007BA22C /* main.m in Sources */ = {isa = PBXBuildFile; fileRef = 183DF7A41611A0EE007BA22C /* main.m */; };
		183DF7A91611A0EE007BA22C /* AppDelegate.m in Sources */ = {isa = PBXBuildFile; fileRef = 183DF7A81611A0EE007BA22C /* AppDelegate.m */; };
		183DF7AC1611A0EE007BA22C /* ViewController.m in Sources */ = {isa = PBXBuildFile; fileRef = 183DF7AB1611A0EE007BA22C /* ViewController.m */; };
		183DF7AF1611A0EE007BA22C /* ViewController.xib in Resources */ = {isa = PBXBuildFile; fileRef = 183DF7AD1611A0EE007BA22C /* ViewController.xib */; };
		183DF7B61611A118007BA22C /* data.plist in Resources */ = {isa = PBXBuildFile; fileRef = 183DF7B51611A118007BA22C /* data.plist */; };
/* End PBXBuildFile section */

/* Begin PBXFileReference section */
		183DF7941611A0EE007BA22C /* PlistTest.app */ = {isa = PBXFileReference; explicitFileType = wrapper.application; includeInIndex = 0; path = PlistTest.app; sourceTree = BUILT_PRODUCTS_DIR; };
		183DF7981611A0EE007BA22C /* UIKit.framework */ = {isa = PBXFileReference; lastKnownFileType = wrapper.framework; name = UIKit.framework; path = System/Library/Frameworks/UIKit.framework; sourceTree = SDKROOT; };
		183DF79A1611A0EE007BA22C /* Foundation.framework */ = {isa = PBXFileReference; lastKnownFileType = wrapper.framework; name = Foundation.framework; path = System/Library/Frameworks/Foundation.framework; sourceTree = SDKROOT; };
		183DF79C1611A0EE007BA22C /* CoreGraphics.framework */ = {isa = PBXFileReference; lastKnownFileType = wrapper.framework; name = CoreGraphics.framework; path = System/Library/Frameworks/CoreGraphics.framework; sourceTree = SDKROOT; };
		183DF7A01611A0EE007BA22C /* PlistTest-Info.plist */ = {isa = PBXFileReference; lastKnownFileType = text.plist.xml; path = "PlistTest-Info.plist"; sourceTree = "<group>"; };
		183DF7A21611A0EE007BA22C /* en */ = {isa = PBXFileReference; lastKnownFileType = text.plist.strings; name = en; path = en.lproj/InfoPlist.strings; sourceTree = "<group>"; };
		183DF7A41611A0EE007BA22C /* main.m */ = {isa = PBXFileReference; lastKnownFileType = sourcecode.c.objc; path = main.m; sourceTree = "<group>"; };
		183DF7A61611A0EE007BA22C /* PlistTest-Prefix.pch */ = {isa = PBXFileReference; lastKnownFileType = sourcecode.c.h; path = "PlistTest-Prefix.pch"; sourceTree = "<group>"; };
		183DF7A71611A0EE007BA22C /* AppDelegate.h */ = {isa = PBXFileReference; lastKnownFileType = sourcecode.c.h; path = AppDelegate.h; sourceTree = "<group>"; };
		183DF7A81611A0EE007BA22C /* AppDelegate.m */ = {isa = PBXFileReference; lastKnownFileType = sourcecode.c.objc; path = AppDelegate.m; sourceTree = "<group>"; };
		183DF7AA1611A0EE007BA22C /* ViewController.h */ = {isa = PBXFileReference; lastKnownFileType = sourcecode.c.h; path = ViewController.h; sourceTree = "<group>"; };
		183DF7AB1611A0EE007BA22C /* ViewController.m */ = {isa = PBXFileReference; lastKnownFileType = sourcecode.c.objc; path = ViewController.m; sourceTree = "<group>"; };
		183DF7AE1611A0EE007BA22C /* en */ = {isa = PBXFileReference; lastKnownFileType = file.xib; name = en; path = en.lproj/ViewController.xib; sourceTree = "<group>"; };
		183DF7B51611A118007BA22C /* data.plist */ = {isa = PBXFileReference; fileEncoding = 4; lastKnownFileType = text.plist.xml; path = data.plist; sourceTree = "<group>"; };
/* End PBXFileReference section */

/* Begin PBXFrameworksBuildPhase section */
		183DF7911611A0EE007BA22C /* Frameworks */ = {
			isa = PBXFrameworksBuildPhase;
			buildActionMask = 2147483647;
			files = (
				183DF7991611A0EE007BA22C /* UIKit.framework in Frameworks */,
				183DF79B1611A0EE007BA22C /* Foundation.framework in Frameworks */,
				183DF79D1611A0EE007BA22C /* CoreGraphics.framework in Frameworks */,
			);
			runOnlyForDeploymentPostprocessing = 0;
		};
/* End PBXFrameworksBuildPhase section */

/* Begin PBXGroup section */
		183DF7891611A0EE007BA22C = {
			isa = PBXGroup;
			children = (
				183DF79E1611A0EE007BA22C /* PlistTest */,
				183DF7971611A0EE007BA22C /* Frameworks */,
				183DF7951611A0EE007BA22C /* Products */,
			);
			sourceTree = "<group>";
		};
		183DF7951611A0EE007BA22C /* Products */ = {
			isa = PBXGroup;
			children = (
				183DF7941611A0EE007BA22C /* PlistTest.app */,
			);
			name = Products;
			sourceTree = "<group>";
		};
		183DF7971611A0EE007BA22C /* Frameworks */ = {
			isa = PBXGroup;
			children = (
				183DF7981611A0EE007BA22C /* UIKit.framework */,
				183DF79A1611A0EE007BA22C /* Foundation.framework */,
				183DF79C1611A0EE007BA22C /* CoreGraphics.framework */,
			);
			name = Frameworks;
			sourceTree = "<group>";
		};
		183DF79E1611A0EE007BA22C /* PlistTest */ = {
			isa = PBXGroup;
			children = (
				183DF7A71611A0EE007BA22C /* AppDelegate.h */,
				183DF7A81611A0EE007BA22C /* AppDelegate.m */,
				183DF7AA1611A0EE007BA22C /* ViewController.h */,
				183DF7AB1611A0EE007BA22C /* ViewController.m */,
				183DF7AD1611A0EE007BA22C /* ViewController.xib */,
				183DF79F1611A0EE007BA22C /* Supporting Files */,
			);
			path = PlistTest;
			sourceTree = "<group>";
		};
		183DF79F1611A0EE007BA22C /* Supporting Files */ = {
			isa = PBXGroup;
			children = (
				183DF7A01611A0EE007BA22C /* PlistTest-Info.plist */,
				183DF7A11611A0EE007BA22C /* InfoPlist.strings */,
				183DF7A41611A0EE007BA22C /* main.m */,
				183DF7A61611A0EE007BA22C /* PlistTest-Prefix.pch */,
				183DF7B51611A118007BA22C /* data.plist */,
			);
			name = "Supporting Files";
			sourceTree = "<group>";
		};
/* End PBXGroup section */

/* Begin PBXNativeTarget section */
		183DF7931611A0EE007BA22C /* PlistTest */ = {
			isa = PBXNativeTarget;
			buildConfigurationList = 183DF7B21611A0EE007BA22C /* Build configuration list for PBXNativeTarget "PlistTest" */;
			buildPhases = (
				183DF7901611A0EE007BA22C /* Sources */,
				183DF7911611A0EE007BA22C /* Frameworks */,
				183DF7921611A0EE007BA22C /* Resources */,
			);
			buildRules = (
			);
			dependencies = (
			);
			name = PlistTest;
			productName = PlistTest;
			productReference = 183DF7941611A0EE007BA22C /* PlistTest.app */;
			productType = "com.apple.product-type.application";
		};
/* End PBXNativeTarget section */

/* Begin PBXProject section */
		183DF78B1611A0EE007BA22C /* Project object */ = {
			isa = PBXProject;
			attributes = {
				LastUpgradeCheck = 0440;
				ORGANIZATIONNAME = apple;
			};
			buildConfigurationList = 183DF78E1611A0EE007BA22C /* Build configuration list for PBXProject "PlistTest" */;
			compatibilityVersion = "Xcode 3.2";
			developmentRegion = English;
			hasScannedForEncodings = 0;
			knownRegions = (
				en,
			);
			mainGroup = 183DF7891611A0EE007BA22C;
			productRefGroup = 183DF7951611A0EE007BA22C /* Products */;
			projectDirPath = "";
			projectRoot = "";
			targets = (
				183DF7931611A0EE007BA22C /* PlistTest */,
			);
		};
/* End PBXProject section */

/* Begin PBXResourcesBuildPhase section */
		183DF7921611A0EE007BA22C /* Resources */ = {
			isa = PBXResourcesBuildPhase;
			buildActionMask = 2147483647;
			files = (
				183DF7A31611A0EE007BA22C /* InfoPlist.strings in Resources */,
				183DF7AF1611A0EE007BA22C /* ViewController.xib in Resources */,
				183DF7B61611A118007BA22C /* data.plist in Resources */,
			);
			runOnlyForDeploymentPostprocessing = 0;
		};
/* End PBXResourcesBuildPhase section */

/* Begin PBXSourcesBuildPhase section */
		183DF7901611A0EE007BA22C /* Sources */ = {
			isa = PBXSourcesBuildPhase;
			buildActionMask = 2147483647;
			files = (
				183DF7A51611A0EE007BA22C /* main.m in Sources */,
				183DF7A91611A0EE007BA22C /* AppDelegate.m in Sources */,
				183DF7AC1611A0EE007BA22C /* ViewController.m in Sources */,
			);
			runOnlyForDeploymentPostprocessing = 0;
		};
/* End PBXSourcesBuildPhase section */

/* Begin PBXVariantGroup section */
		183DF7A11611A0EE007BA22C /* InfoPlist.strings */ = {
			isa = PBXVariantGroup;
			children = (
				183DF7A21611A0EE007BA22C /* en */,
			);
			name = InfoPlist.strings;
			sourceTree = "<group>";
		};
		183DF7AD1611A0EE007BA22C /* ViewController.xib */ = {
			isa = PBXVariantGroup;
			children = (
				183DF7AE1611A0EE007BA22C /* en */,
			);
			name = ViewController.xib;
			sourceTree = "<group>";
		};
/* End PBXVariantGroup section */

/* Begin XCBuildConfiguration section */
		183DF7B01611A0EE007BA22C /* Debug */ = {
			isa = XCBuildConfiguration;
			buildSettings = {
				ALWAYS_SEARCH_USER_PATHS = NO;
				ARCHS = "$(ARCHS_STANDARD_32_BIT)";
				CLANG_CXX_LANGUAGE_STANDARD = "gnu++0x";
				CLANG_ENABLE_OBJC_ARC = YES;
				CLANG_WARN__DUPLICATE_METHOD_MATCH = YES;
				"CODE_SIGN_IDENTITY[sdk=iphoneos*]" = "iPhone Developer";
				COPY_PHASE_STRIP = NO;
				GCC_C_LANGUAGE_STANDARD = gnu99;
				GCC_DYNAMIC_NO_PIC = NO;
				GCC_OPTIMIZATION_LEVEL = 0;
				GCC_PREPROCESSOR_DEFINITIONS = (
					"DEBUG=1",
					"$(inherited)",
				);
				GCC_SYMBOLS_PRIVATE_EXTERN = NO;
				GCC_VERSION = com.apple.compilers.llvm.clang.1_0;
				GCC_WARN_ABOUT_RETURN_TYPE = YES;
				GCC_WARN_UNINITIALIZED_AUTOS = YES;
				GCC_WARN_UNUSED_VARIABLE = YES;
				IPHONEOS_DEPLOYMENT_TARGET = 5.1;
				SDKROOT = iphoneos;
			};
			name = Debug;
		};
		183DF7B11611A0EE007BA22C /* Release */ = {
			isa = XCBuildConfiguration;
			buildSettings = {
				ALWAYS_SEARCH_USER_PATHS = NO;
				ARCHS = "$(ARCHS_STANDARD_32_BIT)";
				CLANG_CXX_LANGUAGE_STANDARD = "gnu++0x";
				CLANG_ENABLE_OBJC_ARC = YES;
				CLANG_WARN__DUPLICATE_METHOD_MATCH = YES;
				"CODE_SIGN_IDENTITY[sdk=iphoneos*]" = "iPhone Developer";
				COPY_PHASE_STRIP = YES;
				GCC_C_LANGUAGE_STANDARD = gnu99;
				GCC_VERSION = com.apple.compilers.llvm.clang.1_0;
				GCC_WARN_ABOUT_RETURN_TYPE = YES;
				GCC_WARN_UNINITIALIZED_AUTOS = YES;
				GCC_WARN_UNUSED_VARIABLE = YES;
				IPHONEOS_DEPLOYMENT_TARGET = 5.1;
				OTHER_CFLAGS = "-DNS_BLOCK_ASSERTIONS=1";
				SDKROOT = iphoneos;
				VALIDATE_PRODUCT = YES;
			};
			name = Release;
		};
		183DF7B31611A0EE007BA22C /* Debug */ = {
			isa = XCBuildConfiguration;
			buildSettings = {
				GCC_PRECOMPILE_PREFIX_HEADER = YES;
				GCC_PREFIX_HEADER = "PlistTest/PlistTest-Prefix.pch";
				INFOPLIST_FILE = "PlistTest/PlistTest-Info.plist";
				PRODUCT_NAME = "$(TARGET_NAME)";
				WRAPPER_EXTENSION = app;
			};
			name = Debug;
		};
		183DF7B41611A0EE007BA22C /* Release */ = {
			isa = XCBuildConfiguration;
			buildSettings = {
				GCC_PRECOMPILE_PREFIX_HEADER = YES;
				GCC_PREFIX_HEADER = "PlistTest/PlistTest-Prefix.pch";
				INFOPLIST_FILE = "PlistTest/PlistTest-Info.plist";
				PRODUCT_NAME = "$(TARGET_NAME)";
				WRAPPER_EXTENSION = app;
			};
			name = Release;
		};
/* End XCBuildConfiguration section */

/* Begin XCConfigurationList section */
		183DF78E1611A0EE007BA22C /* Build configuration list for PBXProject "PlistTest" */ = {
			isa = XCConfigurationList;
			buildConfigurations = (
				183DF7B01611A0EE007BA22C /* Debug */,
				183DF7B11611A0EE007BA22C /* Release */,
			);
			defaultConfigurationIsVisible = 0;
			defaultConfigurationName = Release;
		};
		183DF7B21611A0EE007BA22C /* Build configuration list for PBXNativeTarget "PlistTest" */ = {
			isa = XCConfigurationList;
			buildConfigurations = (
				183DF7B31611A0EE007BA22C /* Debug */,
				183DF7B41611A0EE007BA22C /* Release */,
			);
			defaultConfigurationIsVisible = 0;
		};
/* End XCConfigurationList section */
	};
	rootObject = 183DF78B1611A0EE007BA22C /* Project object */;
}
