// !$*UTF8*$!
{
	archiveVersion = 1;
	classes = {
	};
	objectVersion = 46;
	objects = {

/* Begin PBXBuildFile section */
		18444C8E15FD8A74003C82FB /* Foundation.framework in Frameworks */ = {isa = PBXBuildFile; fileRef = 18444C8D15FD8A74003C82FB /* Foundation.framework */; };
		18444C9115FD8A74003C82FB /* main.m in Sources */ = {isa = PBXBuildFile; fileRef = 18444C9015FD8A74003C82FB /* main.m */; };
		18444C9515FD8A74003C82FB /* Vacation_Budget.1 in CopyFiles */ = {isa = PBXBuildFile; fileRef = 18444C9415FD8A74003C82FB /* Vacation_Budget.1 */; };
/* End PBXBuildFile section */

/* Begin PBXCopyFilesBuildPhase section */
		18444C8715FD8A74003C82FB /* CopyFiles */ = {
			isa = PBXCopyFilesBuildPhase;
			buildActionMask = 2147483647;
			dstPath = /usr/share/man/man1/;
			dstSubfolderSpec = 0;
			files = (
				18444C9515FD8A74003C82FB /* Vacation_Budget.1 in CopyFiles */,
			);
			runOnlyForDeploymentPostprocessing = 1;
		};
/* End PBXCopyFilesBuildPhase section */

/* Begin PBXFileReference section */
		18444C8915FD8A74003C82FB /* Vacation Budget */ = {isa = PBXFileReference; explicitFileType = "compiled.mach-o.executable"; includeInIndex = 0; path = "Vacation Budget"; sourceTree = BUILT_PRODUCTS_DIR; };
		18444C8D15FD8A74003C82FB /* Foundation.framework */ = {isa = PBXFileReference; lastKnownFileType = wrapper.framework; name = Foundation.framework; path = System/Library/Frameworks/Foundation.framework; sourceTree = SDKROOT; };
		18444C9015FD8A74003C82FB /* main.m */ = {isa = PBXFileReference; lastKnownFileType = sourcecode.c.objc; path = main.m; sourceTree = "<group>"; };
		18444C9315FD8A74003C82FB /* Vacation Budget-Prefix.pch */ = {isa = PBXFileReference; lastKnownFileType = sourcecode.c.h; path = "Vacation Budget-Prefix.pch"; sourceTree = "<group>"; };
		18444C9415FD8A74003C82FB /* Vacation_Budget.1 */ = {isa = PBXFileReference; lastKnownFileType = text.man; path = Vacation_Budget.1; sourceTree = "<group>"; };
/* End PBXFileReference section */

/* Begin PBXFrameworksBuildPhase section */
		18444C8615FD8A74003C82FB /* Frameworks */ = {
			isa = PBXFrameworksBuildPhase;
			buildActionMask = 2147483647;
			files = (
				18444C8E15FD8A74003C82FB /* Foundation.framework in Frameworks */,
			);
			runOnlyForDeploymentPostprocessing = 0;
		};
/* End PBXFrameworksBuildPhase section */

/* Begin PBXGroup section */
		18444C7E15FD8A74003C82FB = {
			isa = PBXGroup;
			children = (
				18444C8F15FD8A74003C82FB /* Vacation Budget */,
				18444C8C15FD8A74003C82FB /* Frameworks */,
				18444C8A15FD8A74003C82FB /* Products */,
			);
			sourceTree = "<group>";
		};
		18444C8A15FD8A74003C82FB /* Products */ = {
			isa = PBXGroup;
			children = (
				18444C8915FD8A74003C82FB /* Vacation Budget */,
			);
			name = Products;
			sourceTree = "<group>";
		};
		18444C8C15FD8A74003C82FB /* Frameworks */ = {
			isa = PBXGroup;
			children = (
				18444C8D15FD8A74003C82FB /* Foundation.framework */,
			);
			name = Frameworks;
			sourceTree = "<group>";
		};
		18444C8F15FD8A74003C82FB /* Vacation Budget */ = {
			isa = PBXGroup;
			children = (
				18444C9015FD8A74003C82FB /* main.m */,
				18444C9415FD8A74003C82FB /* Vacation_Budget.1 */,
				18444C9215FD8A74003C82FB /* Supporting Files */,
			);
			path = "Vacation Budget";
			sourceTree = "<group>";
		};
		18444C9215FD8A74003C82FB /* Supporting Files */ = {
			isa = PBXGroup;
			children = (
				18444C9315FD8A74003C82FB /* Vacation Budget-Prefix.pch */,
			);
			name = "Supporting Files";
			sourceTree = "<group>";
		};
/* End PBXGroup section */

/* Begin PBXNativeTarget section */
		18444C8815FD8A74003C82FB /* Vacation Budget */ = {
			isa = PBXNativeTarget;
			buildConfigurationList = 18444C9815FD8A74003C82FB /* Build configuration list for PBXNativeTarget "Vacation Budget" */;
			buildPhases = (
				18444C8515FD8A74003C82FB /* Sources */,
				18444C8615FD8A74003C82FB /* Frameworks */,
				18444C8715FD8A74003C82FB /* CopyFiles */,
			);
			buildRules = (
			);
			dependencies = (
			);
			name = "Vacation Budget";
			productName = "Vacation Budget";
			productReference = 18444C8915FD8A74003C82FB /* Vacation Budget */;
			productType = "com.apple.product-type.tool";
		};
/* End PBXNativeTarget section */

/* Begin PBXProject section */
		18444C8015FD8A74003C82FB /* Project object */ = {
			isa = PBXProject;
			attributes = {
				LastUpgradeCheck = 0440;
				ORGANIZATIONNAME = apple;
			};
			buildConfigurationList = 18444C8315FD8A74003C82FB /* Build configuration list for PBXProject "Vacation Budget" */;
			compatibilityVersion = "Xcode 3.2";
			developmentRegion = English;
			hasScannedForEncodings = 0;
			knownRegions = (
				en,
			);
			mainGroup = 18444C7E15FD8A74003C82FB;
			productRefGroup = 18444C8A15FD8A74003C82FB /* Products */;
			projectDirPath = "";
			projectRoot = "";
			targets = (
				18444C8815FD8A74003C82FB /* Vacation Budget */,
			);
		};
/* End PBXProject section */

/* Begin PBXSourcesBuildPhase section */
		18444C8515FD8A74003C82FB /* Sources */ = {
			isa = PBXSourcesBuildPhase;
			buildActionMask = 2147483647;
			files = (
				18444C9115FD8A74003C82FB /* main.m in Sources */,
			);
			runOnlyForDeploymentPostprocessing = 0;
		};
/* End PBXSourcesBuildPhase section */

/* Begin XCBuildConfiguration section */
		18444C9615FD8A74003C82FB /* Debug */ = {
			isa = XCBuildConfiguration;
			buildSettings = {
				ALWAYS_SEARCH_USER_PATHS = NO;
				ARCHS = "$(ARCHS_STANDARD_64_BIT)";
				CLANG_CXX_LANGUAGE_STANDARD = "gnu++0x";
				CLANG_ENABLE_OBJC_ARC = YES;
				CLANG_WARN__DUPLICATE_METHOD_MATCH = YES;
				COPY_PHASE_STRIP = NO;
				GCC_C_LANGUAGE_STANDARD = gnu99;
				GCC_DYNAMIC_NO_PIC = NO;
				GCC_ENABLE_OBJC_EXCEPTIONS = YES;
				GCC_OPTIMIZATION_LEVEL = 0;
				GCC_PREPROCESSOR_DEFINITIONS = (
					"DEBUG=1",
					"$(inherited)",
				);
				GCC_SYMBOLS_PRIVATE_EXTERN = NO;
				GCC_WARN_64_TO_32_BIT_CONVERSION = YES;
				GCC_WARN_ABOUT_RETURN_TYPE = YES;
				GCC_WARN_UNINITIALIZED_AUTOS = YES;
				GCC_WARN_UNUSED_VARIABLE = YES;
				MACOSX_DEPLOYMENT_TARGET = 10.7;
				ONLY_ACTIVE_ARCH = YES;
				SDKROOT = macosx;
			};
			name = Debug;
		};
		18444C9715FD8A74003C82FB /* Release */ = {
			isa = XCBuildConfiguration;
			buildSettings = {
				ALWAYS_SEARCH_USER_PATHS = NO;
				ARCHS = "$(ARCHS_STANDARD_64_BIT)";
				CLANG_CXX_LANGUAGE_STANDARD = "gnu++0x";
				CLANG_ENABLE_OBJC_ARC = YES;
				CLANG_WARN__DUPLICATE_METHOD_MATCH = YES;
				COPY_PHASE_STRIP = YES;
				DEBUG_INFORMATION_FORMAT = "dwarf-with-dsym";
				GCC_C_LANGUAGE_STANDARD = gnu99;
				GCC_ENABLE_OBJC_EXCEPTIONS = YES;
				GCC_WARN_64_TO_32_BIT_CONVERSION = YES;
				GCC_WARN_ABOUT_RETURN_TYPE = YES;
				GCC_WARN_UNINITIALIZED_AUTOS = YES;
				GCC_WARN_UNUSED_VARIABLE = YES;
				MACOSX_DEPLOYMENT_TARGET = 10.7;
				SDKROOT = macosx;
			};
			name = Release;
		};
		18444C9915FD8A74003C82FB /* Debug */ = {
			isa = XCBuildConfiguration;
			buildSettings = {
				GCC_PRECOMPILE_PREFIX_HEADER = YES;
				GCC_PREFIX_HEADER = "Vacation Budget/Vacation Budget-Prefix.pch";
				PRODUCT_NAME = "$(TARGET_NAME)";
			};
			name = Debug;
		};
		18444C9A15FD8A74003C82FB /* Release */ = {
			isa = XCBuildConfiguration;
			buildSettings = {
				GCC_PRECOMPILE_PREFIX_HEADER = YES;
				GCC_PREFIX_HEADER = "Vacation Budget/Vacation Budget-Prefix.pch";
				PRODUCT_NAME = "$(TARGET_NAME)";
			};
			name = Release;
		};
/* End XCBuildConfiguration section */

/* Begin XCConfigurationList section */
		18444C8315FD8A74003C82FB /* Build configuration list for PBXProject "Vacation Budget" */ = {
			isa = XCConfigurationList;
			buildConfigurations = (
				18444C9615FD8A74003C82FB /* Debug */,
				18444C9715FD8A74003C82FB /* Release */,
			);
			defaultConfigurationIsVisible = 0;
			defaultConfigurationName = Release;
		};
		18444C9815FD8A74003C82FB /* Build configuration list for PBXNativeTarget "Vacation Budget" */ = {
			isa = XCConfigurationList;
			buildConfigurations = (
				18444C9915FD8A74003C82FB /* Debug */,
				18444C9A15FD8A74003C82FB /* Release */,
			);
			defaultConfigurationIsVisible = 0;
		};
/* End XCConfigurationList section */
	};
	rootObject = 18444C8015FD8A74003C82FB /* Project object */;
}
